// !$*UTF8*$!
{
	archiveVersion = 1;
	classes = {
	};
	objectVersion = 56;
	objects = {

/* Begin PBXBuildFile section */
		175ED75E2B0DDBD400617929 /* Comic.swift in Sources */ = {isa = PBXBuildFile; fileRef = 175ED75D2B0DDBD400617929 /* Comic.swift */; };
		175ED7612B0DDBFC00617929 /* ComicVineHelper.swift in Sources */ = {isa = PBXBuildFile; fileRef = 175ED7602B0DDBFC00617929 /* ComicVineHelper.swift */; };
		175ED7632B0DDC3C00617929 /* FirestoreManager.swift in Sources */ = {isa = PBXBuildFile; fileRef = 175ED7622B0DDC3C00617929 /* FirestoreManager.swift */; };
		175ED7672B0DDDE300617929 /* CodeScanner in Frameworks */ = {isa = PBXBuildFile; productRef = 175ED7662B0DDDE300617929 /* CodeScanner */; };
		175ED76A2B0DE51800617929 /* FirebaseFirestore in Frameworks */ = {isa = PBXBuildFile; productRef = 175ED7692B0DE51800617929 /* FirebaseFirestore */; };
		175ED76C2B0DE52700617929 /* FirebaseAuth in Frameworks */ = {isa = PBXBuildFile; productRef = 175ED76B2B0DE52700617929 /* FirebaseAuth */; };
		175ED76E2B0DE52D00617929 /* FirebaseFirestoreSwift in Frameworks */ = {isa = PBXBuildFile; productRef = 175ED76D2B0DE52D00617929 /* FirebaseFirestoreSwift */; };
		175ED77E2B0EC09100617929 /* ComicDetailView.swift in Sources */ = {isa = PBXBuildFile; fileRef = 175ED77D2B0EC09100617929 /* ComicDetailView.swift */; };
		179BCC4D2B0D16CA001A0E00 /* ComicVaultApp.swift in Sources */ = {isa = PBXBuildFile; fileRef = 179BCC4C2B0D16CA001A0E00 /* ComicVaultApp.swift */; };
		179BCC512B0D16CB001A0E00 /* Assets.xcassets in Resources */ = {isa = PBXBuildFile; fileRef = 179BCC502B0D16CB001A0E00 /* Assets.xcassets */; };
		179BCC542B0D16CB001A0E00 /* Preview Assets.xcassets in Resources */ = {isa = PBXBuildFile; fileRef = 179BCC532B0D16CB001A0E00 /* Preview Assets.xcassets */; };
		179BCC5B2B0D1F0C001A0E00 /* GoogleService-Info.plist in Resources */ = {isa = PBXBuildFile; fileRef = 179BCC5A2B0D1F0C001A0E00 /* GoogleService-Info.plist */; };
		179BCC5E2B0D1F5D001A0E00 /* FirebaseAnalytics in Frameworks */ = {isa = PBXBuildFile; productRef = 179BCC5D2B0D1F5D001A0E00 /* FirebaseAnalytics */; };
		179BCC602B0D1F5D001A0E00 /* FirebaseAnalyticsOnDeviceConversion in Frameworks */ = {isa = PBXBuildFile; productRef = 179BCC5F2B0D1F5D001A0E00 /* FirebaseAnalyticsOnDeviceConversion */; };
		179BCC622B0D1F5D001A0E00 /* FirebaseAnalyticsSwift in Frameworks */ = {isa = PBXBuildFile; productRef = 179BCC612B0D1F5D001A0E00 /* FirebaseAnalyticsSwift */; };
		179BCC642B0D1F5D001A0E00 /* FirebaseAnalyticsWithoutAdIdSupport in Frameworks */ = {isa = PBXBuildFile; productRef = 179BCC632B0D1F5D001A0E00 /* FirebaseAnalyticsWithoutAdIdSupport */; };
		179BCC662B0D1F5D001A0E00 /* FirebaseAppCheck in Frameworks */ = {isa = PBXBuildFile; productRef = 179BCC652B0D1F5D001A0E00 /* FirebaseAppCheck */; };
		64E7FBAE2B0D1AB2009A490C /* ChatsView.swift in Sources */ = {isa = PBXBuildFile; fileRef = 64E7FBA62B0D1AB1009A490C /* ChatsView.swift */; };
		64E7FBAF2B0D1AB2009A490C /* PublishCollectionsView.swift in Sources */ = {isa = PBXBuildFile; fileRef = 64E7FBAD2B0D1AB2009A490C /* PublishCollectionsView.swift */; };
		64E7FBB02B0D1AB2009A490C /* SettingsView.swift in Sources */ = {isa = PBXBuildFile; fileRef = 64E7FBA72B0D1AB1009A490C /* SettingsView.swift */; };
		64E7FBB12B0D1AB2009A490C /* OthersCollectionsView.swift in Sources */ = {isa = PBXBuildFile; fileRef = 64E7FBA82B0D1AB1009A490C /* OthersCollectionsView.swift */; };
		64E7FBB22B0D1AB2009A490C /* AddComicView.swift in Sources */ = {isa = PBXBuildFile; fileRef = 64E7FBA52B0D1AB1009A490C /* AddComicView.swift */; };
		64E7FBB32B0D1AB2009A490C /* HomeView.swift in Sources */ = {isa = PBXBuildFile; fileRef = 64E7FBAB2B0D1AB2009A490C /* HomeView.swift */; };
		64E7FBB42B0D1AB2009A490C /* PriceListView.swift in Sources */ = {isa = PBXBuildFile; fileRef = 64E7FBAC2B0D1AB2009A490C /* PriceListView.swift */; };
		64E7FBB52B0D1AB2009A490C /* NotificationsView.swift in Sources */ = {isa = PBXBuildFile; fileRef = 64E7FBA92B0D1AB1009A490C /* NotificationsView.swift */; };
		64E7FBB62B0D1AB2009A490C /* DatabaseView.swift in Sources */ = {isa = PBXBuildFile; fileRef = 64E7FBAA2B0D1AB2009A490C /* DatabaseView.swift */; };
/* End PBXBuildFile section */

/* Begin PBXFileReference section */
		175ED75D2B0DDBD400617929 /* Comic.swift */ = {isa = PBXFileReference; lastKnownFileType = sourcecode.swift; path = Comic.swift; sourceTree = "<group>"; };
		175ED7602B0DDBFC00617929 /* ComicVineHelper.swift */ = {isa = PBXFileReference; lastKnownFileType = sourcecode.swift; path = ComicVineHelper.swift; sourceTree = "<group>"; };
		175ED7622B0DDC3C00617929 /* FirestoreManager.swift */ = {isa = PBXFileReference; lastKnownFileType = sourcecode.swift; path = FirestoreManager.swift; sourceTree = "<group>"; };
		175ED77D2B0EC09100617929 /* ComicDetailView.swift */ = {isa = PBXFileReference; lastKnownFileType = sourcecode.swift; path = ComicDetailView.swift; sourceTree = "<group>"; };
		179BCC492B0D16CA001A0E00 /* ComicVault.app */ = {isa = PBXFileReference; explicitFileType = wrapper.application; includeInIndex = 0; path = ComicVault.app; sourceTree = BUILT_PRODUCTS_DIR; };
		179BCC4C2B0D16CA001A0E00 /* ComicVaultApp.swift */ = {isa = PBXFileReference; lastKnownFileType = sourcecode.swift; path = ComicVaultApp.swift; sourceTree = "<group>"; };
		179BCC502B0D16CB001A0E00 /* Assets.xcassets */ = {isa = PBXFileReference; lastKnownFileType = folder.assetcatalog; path = Assets.xcassets; sourceTree = "<group>"; };
		179BCC532B0D16CB001A0E00 /* Preview Assets.xcassets */ = {isa = PBXFileReference; lastKnownFileType = folder.assetcatalog; path = "Preview Assets.xcassets"; sourceTree = "<group>"; };
		179BCC5A2B0D1F0C001A0E00 /* GoogleService-Info.plist */ = {isa = PBXFileReference; fileEncoding = 4; lastKnownFileType = text.plist.xml; path = "GoogleService-Info.plist"; sourceTree = "<group>"; };
		64E7FBA52B0D1AB1009A490C /* AddComicView.swift */ = {isa = PBXFileReference; lastKnownFileType = sourcecode.swift; path = AddComicView.swift; sourceTree = "<group>"; };
		64E7FBA62B0D1AB1009A490C /* ChatsView.swift */ = {isa = PBXFileReference; lastKnownFileType = sourcecode.swift; path = ChatsView.swift; sourceTree = "<group>"; };
		64E7FBA72B0D1AB1009A490C /* SettingsView.swift */ = {isa = PBXFileReference; lastKnownFileType = sourcecode.swift; path = SettingsView.swift; sourceTree = "<group>"; };
		64E7FBA82B0D1AB1009A490C /* OthersCollectionsView.swift */ = {isa = PBXFileReference; lastKnownFileType = sourcecode.swift; path = OthersCollectionsView.swift; sourceTree = "<group>"; };
		64E7FBA92B0D1AB1009A490C /* NotificationsView.swift */ = {isa = PBXFileReference; lastKnownFileType = sourcecode.swift; path = NotificationsView.swift; sourceTree = "<group>"; };
		64E7FBAA2B0D1AB2009A490C /* DatabaseView.swift */ = {isa = PBXFileReference; lastKnownFileType = sourcecode.swift; path = DatabaseView.swift; sourceTree = "<group>"; };
		64E7FBAB2B0D1AB2009A490C /* HomeView.swift */ = {isa = PBXFileReference; lastKnownFileType = sourcecode.swift; path = HomeView.swift; sourceTree = "<group>"; };
		64E7FBAC2B0D1AB2009A490C /* PriceListView.swift */ = {isa = PBXFileReference; lastKnownFileType = sourcecode.swift; path = PriceListView.swift; sourceTree = "<group>"; };
		64E7FBAD2B0D1AB2009A490C /* PublishCollectionsView.swift */ = {isa = PBXFileReference; lastKnownFileType = sourcecode.swift; path = PublishCollectionsView.swift; sourceTree = "<group>"; };
/* End PBXFileReference section */

/* Begin PBXFrameworksBuildPhase section */
		179BCC462B0D16CA001A0E00 /* Frameworks */ = {
			isa = PBXFrameworksBuildPhase;
			buildActionMask = 2147483647;
			files = (
				179BCC622B0D1F5D001A0E00 /* FirebaseAnalyticsSwift in Frameworks */,
				179BCC5E2B0D1F5D001A0E00 /* FirebaseAnalytics in Frameworks */,
				175ED7672B0DDDE300617929 /* CodeScanner in Frameworks */,
				179BCC602B0D1F5D001A0E00 /* FirebaseAnalyticsOnDeviceConversion in Frameworks */,
				179BCC662B0D1F5D001A0E00 /* FirebaseAppCheck in Frameworks */,
				179BCC642B0D1F5D001A0E00 /* FirebaseAnalyticsWithoutAdIdSupport in Frameworks */,
				175ED76A2B0DE51800617929 /* FirebaseFirestore in Frameworks */,
				175ED76C2B0DE52700617929 /* FirebaseAuth in Frameworks */,
				175ED76E2B0DE52D00617929 /* FirebaseFirestoreSwift in Frameworks */,
			);
			runOnlyForDeploymentPostprocessing = 0;
		};
/* End PBXFrameworksBuildPhase section */

/* Begin PBXGroup section */
		175ED75F2B0DDBE900617929 /* Models */ = {
			isa = PBXGroup;
			children = (
				175ED75D2B0DDBD400617929 /* Comic.swift */,
			);
			path = Models;
			sourceTree = "<group>";
		};
		175ED7642B0DDC4000617929 /* Helpers */ = {
			isa = PBXGroup;
			children = (
				175ED7602B0DDBFC00617929 /* ComicVineHelper.swift */,
				175ED7622B0DDC3C00617929 /* FirestoreManager.swift */,
			);
			path = Helpers;
			sourceTree = "<group>";
		};
		175ED7682B0DE51800617929 /* Frameworks */ = {
			isa = PBXGroup;
			children = (
			);
			name = Frameworks;
			sourceTree = "<group>";
		};
		179BCC402B0D16CA001A0E00 = {
			isa = PBXGroup;
			children = (
				179BCC4B2B0D16CA001A0E00 /* ComicVault */,
				179BCC4A2B0D16CA001A0E00 /* Products */,
				175ED7682B0DE51800617929 /* Frameworks */,
			);
			sourceTree = "<group>";
		};
		179BCC4A2B0D16CA001A0E00 /* Products */ = {
			isa = PBXGroup;
			children = (
				179BCC492B0D16CA001A0E00 /* ComicVault.app */,
			);
			name = Products;
			sourceTree = "<group>";
		};
		179BCC4B2B0D16CA001A0E00 /* ComicVault */ = {
			isa = PBXGroup;
			children = (
				64E7FBB72B0D1AD5009A490C /* Views */,
				175ED7642B0DDC4000617929 /* Helpers */,
				175ED75F2B0DDBE900617929 /* Models */,
				179BCC502B0D16CB001A0E00 /* Assets.xcassets */,
				179BCC4C2B0D16CA001A0E00 /* ComicVaultApp.swift */,
				179BCC5A2B0D1F0C001A0E00 /* GoogleService-Info.plist */,
				179BCC522B0D16CB001A0E00 /* Preview Content */,
			);
			path = ComicVault;
			sourceTree = "<group>";
		};
		179BCC522B0D16CB001A0E00 /* Preview Content */ = {
			isa = PBXGroup;
			children = (
				179BCC532B0D16CB001A0E00 /* Preview Assets.xcassets */,
			);
			path = "Preview Content";
			sourceTree = "<group>";
		};
		644CCC842B0E89C70027D9D0 /* BottomNav */ = {
			isa = PBXGroup;
			children = (
				64E7FBA52B0D1AB1009A490C /* AddComicView.swift */,
				64E7FBAA2B0D1AB2009A490C /* DatabaseView.swift */,
				64E7FBAC2B0D1AB2009A490C /* PriceListView.swift */,
			);
			path = BottomNav;
			sourceTree = "<group>";
		};
		644CCC852B0E89E20027D9D0 /* MainContent */ = {
			isa = PBXGroup;
			children = (
				64E7FBA62B0D1AB1009A490C /* ChatsView.swift */,
				64E7FBA82B0D1AB1009A490C /* OthersCollectionsView.swift */,
				64E7FBAD2B0D1AB2009A490C /* PublishCollectionsView.swift */,
			);
			path = MainContent;
			sourceTree = "<group>";
		};
		644CCC862B0E89FD0027D9D0 /* TopNav */ = {
			isa = PBXGroup;
			children = (
				64E7FBA92B0D1AB1009A490C /* NotificationsView.swift */,
				64E7FBA72B0D1AB1009A490C /* SettingsView.swift */,
				175ED77D2B0EC09100617929 /* ComicDetailView.swift */,
			);
			path = TopNav;
			sourceTree = "<group>";
		};
		64E7FBB72B0D1AD5009A490C /* Views */ = {
			isa = PBXGroup;
			children = (
				64E7FBAB2B0D1AB2009A490C /* HomeView.swift */,
				644CCC862B0E89FD0027D9D0 /* TopNav */,
				644CCC852B0E89E20027D9D0 /* MainContent */,
				644CCC842B0E89C70027D9D0 /* BottomNav */,
			);
			path = Views;
			sourceTree = "<group>";
		};
/* End PBXGroup section */

/* Begin PBXNativeTarget section */
		179BCC482B0D16CA001A0E00 /* ComicVault */ = {
			isa = PBXNativeTarget;
			buildConfigurationList = 179BCC572B0D16CB001A0E00 /* Build configuration list for PBXNativeTarget "ComicVault" */;
			buildPhases = (
				179BCC452B0D16CA001A0E00 /* Sources */,
				179BCC462B0D16CA001A0E00 /* Frameworks */,
				179BCC472B0D16CA001A0E00 /* Resources */,
			);
			buildRules = (
			);
			dependencies = (
			);
			name = ComicVault;
			packageProductDependencies = (
				179BCC5D2B0D1F5D001A0E00 /* FirebaseAnalytics */,
				179BCC5F2B0D1F5D001A0E00 /* FirebaseAnalyticsOnDeviceConversion */,
				179BCC612B0D1F5D001A0E00 /* FirebaseAnalyticsSwift */,
				179BCC632B0D1F5D001A0E00 /* FirebaseAnalyticsWithoutAdIdSupport */,
				179BCC652B0D1F5D001A0E00 /* FirebaseAppCheck */,
				175ED7662B0DDDE300617929 /* CodeScanner */,
				175ED7692B0DE51800617929 /* FirebaseFirestore */,
				175ED76B2B0DE52700617929 /* FirebaseAuth */,
				175ED76D2B0DE52D00617929 /* FirebaseFirestoreSwift */,
			);
			productName = ComicVault;
			productReference = 179BCC492B0D16CA001A0E00 /* ComicVault.app */;
			productType = "com.apple.product-type.application";
		};
/* End PBXNativeTarget section */

/* Begin PBXProject section */
		179BCC412B0D16CA001A0E00 /* Project object */ = {
			isa = PBXProject;
			attributes = {
				BuildIndependentTargetsInParallel = 1;
				LastSwiftUpdateCheck = 1500;
				LastUpgradeCheck = 1500;
				TargetAttributes = {
					179BCC482B0D16CA001A0E00 = {
						CreatedOnToolsVersion = 15.0.1;
					};
				};
			};
			buildConfigurationList = 179BCC442B0D16CA001A0E00 /* Build configuration list for PBXProject "ComicVault" */;
			compatibilityVersion = "Xcode 14.0";
			developmentRegion = en;
			hasScannedForEncodings = 0;
			knownRegions = (
				en,
				Base,
			);
			mainGroup = 179BCC402B0D16CA001A0E00;
			packageReferences = (
				179BCC5C2B0D1F5D001A0E00 /* XCRemoteSwiftPackageReference "firebase-ios-sdk" */,
				175ED7652B0DDDE300617929 /* XCRemoteSwiftPackageReference "CodeScanner" */,
			);
			productRefGroup = 179BCC4A2B0D16CA001A0E00 /* Products */;
			projectDirPath = "";
			projectRoot = "";
			targets = (
				179BCC482B0D16CA001A0E00 /* ComicVault */,
			);
		};
/* End PBXProject section */

/* Begin PBXResourcesBuildPhase section */
		179BCC472B0D16CA001A0E00 /* Resources */ = {
			isa = PBXResourcesBuildPhase;
			buildActionMask = 2147483647;
			files = (
				179BCC542B0D16CB001A0E00 /* Preview Assets.xcassets in Resources */,
				179BCC512B0D16CB001A0E00 /* Assets.xcassets in Resources */,
				179BCC5B2B0D1F0C001A0E00 /* GoogleService-Info.plist in Resources */,
			);
			runOnlyForDeploymentPostprocessing = 0;
		};
/* End PBXResourcesBuildPhase section */

/* Begin PBXSourcesBuildPhase section */
		179BCC452B0D16CA001A0E00 /* Sources */ = {
			isa = PBXSourcesBuildPhase;
			buildActionMask = 2147483647;
			files = (
				64E7FBB02B0D1AB2009A490C /* SettingsView.swift in Sources */,
				64E7FBB52B0D1AB2009A490C /* NotificationsView.swift in Sources */,
				64E7FBAF2B0D1AB2009A490C /* PublishCollectionsView.swift in Sources */,
				64E7FBB42B0D1AB2009A490C /* PriceListView.swift in Sources */,
				64E7FBB62B0D1AB2009A490C /* DatabaseView.swift in Sources */,
				175ED77E2B0EC09100617929 /* ComicDetailView.swift in Sources */,
				64E7FBAE2B0D1AB2009A490C /* ChatsView.swift in Sources */,
				179BCC4D2B0D16CA001A0E00 /* ComicVaultApp.swift in Sources */,
				175ED7632B0DDC3C00617929 /* FirestoreManager.swift in Sources */,
				175ED75E2B0DDBD400617929 /* Comic.swift in Sources */,
				64E7FBB32B0D1AB2009A490C /* HomeView.swift in Sources */,
				175ED7612B0DDBFC00617929 /* ComicVineHelper.swift in Sources */,
				64E7FBB12B0D1AB2009A490C /* OthersCollectionsView.swift in Sources */,
				64E7FBB22B0D1AB2009A490C /* AddComicView.swift in Sources */,
			);
			runOnlyForDeploymentPostprocessing = 0;
		};
/* End PBXSourcesBuildPhase section */

/* Begin XCBuildConfiguration section */
		179BCC552B0D16CB001A0E00 /* Debug */ = {
			isa = XCBuildConfiguration;
			buildSettings = {
				ALWAYS_SEARCH_USER_PATHS = NO;
				ASSETCATALOG_COMPILER_GENERATE_SWIFT_ASSET_SYMBOL_EXTENSIONS = YES;
				CLANG_ANALYZER_NONNULL = YES;
				CLANG_ANALYZER_NUMBER_OBJECT_CONVERSION = YES_AGGRESSIVE;
				CLANG_CXX_LANGUAGE_STANDARD = "gnu++20";
				CLANG_ENABLE_MODULES = YES;
				CLANG_ENABLE_OBJC_ARC = YES;
				CLANG_ENABLE_OBJC_WEAK = YES;
				CLANG_WARN_BLOCK_CAPTURE_AUTORELEASING = YES;
				CLANG_WARN_BOOL_CONVERSION = YES;
				CLANG_WARN_COMMA = YES;
				CLANG_WARN_CONSTANT_CONVERSION = YES;
				CLANG_WARN_DEPRECATED_OBJC_IMPLEMENTATIONS = YES;
				CLANG_WARN_DIRECT_OBJC_ISA_USAGE = YES_ERROR;
				CLANG_WARN_DOCUMENTATION_COMMENTS = YES;
				CLANG_WARN_EMPTY_BODY = YES;
				CLANG_WARN_ENUM_CONVERSION = YES;
				CLANG_WARN_INFINITE_RECURSION = YES;
				CLANG_WARN_INT_CONVERSION = YES;
				CLANG_WARN_NON_LITERAL_NULL_CONVERSION = YES;
				CLANG_WARN_OBJC_IMPLICIT_RETAIN_SELF = YES;
				CLANG_WARN_OBJC_LITERAL_CONVERSION = YES;
				CLANG_WARN_OBJC_ROOT_CLASS = YES_ERROR;
				CLANG_WARN_QUOTED_INCLUDE_IN_FRAMEWORK_HEADER = YES;
				CLANG_WARN_RANGE_LOOP_ANALYSIS = YES;
				CLANG_WARN_STRICT_PROTOTYPES = YES;
				CLANG_WARN_SUSPICIOUS_MOVE = YES;
				CLANG_WARN_UNGUARDED_AVAILABILITY = YES_AGGRESSIVE;
				CLANG_WARN_UNREACHABLE_CODE = YES;
				CLANG_WARN__DUPLICATE_METHOD_MATCH = YES;
				COPY_PHASE_STRIP = NO;
				DEBUG_INFORMATION_FORMAT = dwarf;
				ENABLE_STRICT_OBJC_MSGSEND = YES;
				ENABLE_TESTABILITY = YES;
				ENABLE_USER_SCRIPT_SANDBOXING = YES;
				GCC_C_LANGUAGE_STANDARD = gnu17;
				GCC_DYNAMIC_NO_PIC = NO;
				GCC_NO_COMMON_BLOCKS = YES;
				GCC_OPTIMIZATION_LEVEL = 0;
				GCC_PREPROCESSOR_DEFINITIONS = (
					"DEBUG=1",
					"$(inherited)",
				);
				GCC_WARN_64_TO_32_BIT_CONVERSION = YES;
				GCC_WARN_ABOUT_RETURN_TYPE = YES_ERROR;
				GCC_WARN_UNDECLARED_SELECTOR = YES;
				GCC_WARN_UNINITIALIZED_AUTOS = YES_AGGRESSIVE;
				GCC_WARN_UNUSED_FUNCTION = YES;
				GCC_WARN_UNUSED_VARIABLE = YES;
				IPHONEOS_DEPLOYMENT_TARGET = 17.0;
				LOCALIZATION_PREFERS_STRING_CATALOGS = YES;
				MTL_ENABLE_DEBUG_INFO = INCLUDE_SOURCE;
				MTL_FAST_MATH = YES;
				ONLY_ACTIVE_ARCH = YES;
				SDKROOT = iphoneos;
				SWIFT_ACTIVE_COMPILATION_CONDITIONS = "DEBUG $(inherited)";
				SWIFT_OPTIMIZATION_LEVEL = "-Onone";
			};
			name = Debug;
		};
		179BCC562B0D16CB001A0E00 /* Release */ = {
			isa = XCBuildConfiguration;
			buildSettings = {
				ALWAYS_SEARCH_USER_PATHS = NO;
				ASSETCATALOG_COMPILER_GENERATE_SWIFT_ASSET_SYMBOL_EXTENSIONS = YES;
				CLANG_ANALYZER_NONNULL = YES;
				CLANG_ANALYZER_NUMBER_OBJECT_CONVERSION = YES_AGGRESSIVE;
				CLANG_CXX_LANGUAGE_STANDARD = "gnu++20";
				CLANG_ENABLE_MODULES = YES;
				CLANG_ENABLE_OBJC_ARC = YES;
				CLANG_ENABLE_OBJC_WEAK = YES;
				CLANG_WARN_BLOCK_CAPTURE_AUTORELEASING = YES;
				CLANG_WARN_BOOL_CONVERSION = YES;
				CLANG_WARN_COMMA = YES;
				CLANG_WARN_CONSTANT_CONVERSION = YES;
				CLANG_WARN_DEPRECATED_OBJC_IMPLEMENTATIONS = YES;
				CLANG_WARN_DIRECT_OBJC_ISA_USAGE = YES_ERROR;
				CLANG_WARN_DOCUMENTATION_COMMENTS = YES;
				CLANG_WARN_EMPTY_BODY = YES;
				CLANG_WARN_ENUM_CONVERSION = YES;
				CLANG_WARN_INFINITE_RECURSION = YES;
				CLANG_WARN_INT_CONVERSION = YES;
				CLANG_WARN_NON_LITERAL_NULL_CONVERSION = YES;
				CLANG_WARN_OBJC_IMPLICIT_RETAIN_SELF = YES;
				CLANG_WARN_OBJC_LITERAL_CONVERSION = YES;
				CLANG_WARN_OBJC_ROOT_CLASS = YES_ERROR;
				CLANG_WARN_QUOTED_INCLUDE_IN_FRAMEWORK_HEADER = YES;
				CLANG_WARN_RANGE_LOOP_ANALYSIS = YES;
				CLANG_WARN_STRICT_PROTOTYPES = YES;
				CLANG_WARN_SUSPICIOUS_MOVE = YES;
				CLANG_WARN_UNGUARDED_AVAILABILITY = YES_AGGRESSIVE;
				CLANG_WARN_UNREACHABLE_CODE = YES;
				CLANG_WARN__DUPLICATE_METHOD_MATCH = YES;
				COPY_PHASE_STRIP = NO;
				DEBUG_INFORMATION_FORMAT = "dwarf-with-dsym";
				ENABLE_NS_ASSERTIONS = NO;
				ENABLE_STRICT_OBJC_MSGSEND = YES;
				ENABLE_USER_SCRIPT_SANDBOXING = YES;
				GCC_C_LANGUAGE_STANDARD = gnu17;
				GCC_NO_COMMON_BLOCKS = YES;
				GCC_WARN_64_TO_32_BIT_CONVERSION = YES;
				GCC_WARN_ABOUT_RETURN_TYPE = YES_ERROR;
				GCC_WARN_UNDECLARED_SELECTOR = YES;
				GCC_WARN_UNINITIALIZED_AUTOS = YES_AGGRESSIVE;
				GCC_WARN_UNUSED_FUNCTION = YES;
				GCC_WARN_UNUSED_VARIABLE = YES;
				IPHONEOS_DEPLOYMENT_TARGET = 17.0;
				LOCALIZATION_PREFERS_STRING_CATALOGS = YES;
				MTL_ENABLE_DEBUG_INFO = NO;
				MTL_FAST_MATH = YES;
				SDKROOT = iphoneos;
				SWIFT_COMPILATION_MODE = wholemodule;
				VALIDATE_PRODUCT = YES;
			};
			name = Release;
		};
		179BCC582B0D16CB001A0E00 /* Debug */ = {
			isa = XCBuildConfiguration;
			buildSettings = {
				ASSETCATALOG_COMPILER_APPICON_NAME = AppIcon;
				ASSETCATALOG_COMPILER_GLOBAL_ACCENT_COLOR_NAME = AccentColor;
				CODE_SIGN_STYLE = Automatic;
				CURRENT_PROJECT_VERSION = 1;
				DEVELOPMENT_ASSET_PATHS = "\"ComicVault/Preview Content\"";
				DEVELOPMENT_TEAM = P8UJ79LC44;
				ENABLE_PREVIEWS = YES;
				GENERATE_INFOPLIST_FILE = YES;
				INFOPLIST_KEY_UIApplicationSceneManifest_Generation = YES;
				INFOPLIST_KEY_UIApplicationSupportsIndirectInputEvents = YES;
				INFOPLIST_KEY_UILaunchScreen_Generation = YES;
				INFOPLIST_KEY_UISupportedInterfaceOrientations_iPad = "UIInterfaceOrientationPortrait UIInterfaceOrientationPortraitUpsideDown UIInterfaceOrientationLandscapeLeft UIInterfaceOrientationLandscapeRight";
				INFOPLIST_KEY_UISupportedInterfaceOrientations_iPhone = "UIInterfaceOrientationPortrait UIInterfaceOrientationLandscapeLeft UIInterfaceOrientationLandscapeRight";
				LD_RUNPATH_SEARCH_PATHS = (
					"$(inherited)",
					"@executable_path/Frameworks",
				);
				MARKETING_VERSION = 1.0;
				PRODUCT_BUNDLE_IDENTIFIER = sheridan.omario.ComicVault;
				PRODUCT_NAME = "$(TARGET_NAME)";
				SWIFT_EMIT_LOC_STRINGS = YES;
				SWIFT_VERSION = 5.0;
				TARGETED_DEVICE_FAMILY = "1,2";
			};
			name = Debug;
		};
		179BCC592B0D16CB001A0E00 /* Release */ = {
			isa = XCBuildConfiguration;
			buildSettings = {
				ASSETCATALOG_COMPILER_APPICON_NAME = AppIcon;
				ASSETCATALOG_COMPILER_GLOBAL_ACCENT_COLOR_NAME = AccentColor;
				CODE_SIGN_STYLE = Automatic;
				CURRENT_PROJECT_VERSION = 1;
				DEVELOPMENT_ASSET_PATHS = "\"ComicVault/Preview Content\"";
				DEVELOPMENT_TEAM = P8UJ79LC44;
				ENABLE_PREVIEWS = YES;
				GENERATE_INFOPLIST_FILE = YES;
				INFOPLIST_KEY_UIApplicationSceneManifest_Generation = YES;
				INFOPLIST_KEY_UIApplicationSupportsIndirectInputEvents = YES;
				INFOPLIST_KEY_UILaunchScreen_Generation = YES;
				INFOPLIST_KEY_UISupportedInterfaceOrientations_iPad = "UIInterfaceOrientationPortrait UIInterfaceOrientationPortraitUpsideDown UIInterfaceOrientationLandscapeLeft UIInterfaceOrientationLandscapeRight";
				INFOPLIST_KEY_UISupportedInterfaceOrientations_iPhone = "UIInterfaceOrientationPortrait UIInterfaceOrientationLandscapeLeft UIInterfaceOrientationLandscapeRight";
				LD_RUNPATH_SEARCH_PATHS = (
					"$(inherited)",
					"@executable_path/Frameworks",
				);
				MARKETING_VERSION = 1.0;
				PRODUCT_BUNDLE_IDENTIFIER = sheridan.omario.ComicVault;
				PRODUCT_NAME = "$(TARGET_NAME)";
				SWIFT_EMIT_LOC_STRINGS = YES;
				SWIFT_VERSION = 5.0;
				TARGETED_DEVICE_FAMILY = "1,2";
			};
			name = Release;
		};
/* End XCBuildConfiguration section */

/* Begin XCConfigurationList section */
		179BCC442B0D16CA001A0E00 /* Build configuration list for PBXProject "ComicVault" */ = {
			isa = XCConfigurationList;
			buildConfigurations = (
				179BCC552B0D16CB001A0E00 /* Debug */,
				179BCC562B0D16CB001A0E00 /* Release */,
			);
			defaultConfigurationIsVisible = 0;
			defaultConfigurationName = Release;
		};
		179BCC572B0D16CB001A0E00 /* Build configuration list for PBXNativeTarget "ComicVault" */ = {
			isa = XCConfigurationList;
			buildConfigurations = (
				179BCC582B0D16CB001A0E00 /* Debug */,
				179BCC592B0D16CB001A0E00 /* Release */,
			);
			defaultConfigurationIsVisible = 0;
			defaultConfigurationName = Release;
		};
/* End XCConfigurationList section */

/* Begin XCRemoteSwiftPackageReference section */
		175ED7652B0DDDE300617929 /* XCRemoteSwiftPackageReference "CodeScanner" */ = {
			isa = XCRemoteSwiftPackageReference;
			repositoryURL = "https://github.com/twostraws/CodeScanner";
			requirement = {
				kind = upToNextMajorVersion;
				minimumVersion = 2.3.3;
			};
		};
		179BCC5C2B0D1F5D001A0E00 /* XCRemoteSwiftPackageReference "firebase-ios-sdk" */ = {
			isa = XCRemoteSwiftPackageReference;
			repositoryURL = "https://github.com/firebase/firebase-ios-sdk";
			requirement = {
				kind = upToNextMajorVersion;
				minimumVersion = 10.18.0;
			};
		};
/* End XCRemoteSwiftPackageReference section */

/* Begin XCSwiftPackageProductDependency section */
		175ED7662B0DDDE300617929 /* CodeScanner */ = {
			isa = XCSwiftPackageProductDependency;
			package = 175ED7652B0DDDE300617929 /* XCRemoteSwiftPackageReference "CodeScanner" */;
			productName = CodeScanner;
		};
		175ED7692B0DE51800617929 /* FirebaseFirestore */ = {
			isa = XCSwiftPackageProductDependency;
			package = 179BCC5C2B0D1F5D001A0E00 /* XCRemoteSwiftPackageReference "firebase-ios-sdk" */;
			productName = FirebaseFirestore;
		};
		175ED76B2B0DE52700617929 /* FirebaseAuth */ = {
			isa = XCSwiftPackageProductDependency;
			package = 179BCC5C2B0D1F5D001A0E00 /* XCRemoteSwiftPackageReference "firebase-ios-sdk" */;
			productName = FirebaseAuth;
		};
		175ED76D2B0DE52D00617929 /* FirebaseFirestoreSwift */ = {
			isa = XCSwiftPackageProductDependency;
			package = 179BCC5C2B0D1F5D001A0E00 /* XCRemoteSwiftPackageReference "firebase-ios-sdk" */;
			productName = FirebaseFirestoreSwift;
		};
		179BCC5D2B0D1F5D001A0E00 /* FirebaseAnalytics */ = {
			isa = XCSwiftPackageProductDependency;
			package = 179BCC5C2B0D1F5D001A0E00 /* XCRemoteSwiftPackageReference "firebase-ios-sdk" */;
			productName = FirebaseAnalytics;
		};
		179BCC5F2B0D1F5D001A0E00 /* FirebaseAnalyticsOnDeviceConversion */ = {
			isa = XCSwiftPackageProductDependency;
			package = 179BCC5C2B0D1F5D001A0E00 /* XCRemoteSwiftPackageReference "firebase-ios-sdk" */;
			productName = FirebaseAnalyticsOnDeviceConversion;
		};
		179BCC612B0D1F5D001A0E00 /* FirebaseAnalyticsSwift */ = {
			isa = XCSwiftPackageProductDependency;
			package = 179BCC5C2B0D1F5D001A0E00 /* XCRemoteSwiftPackageReference "firebase-ios-sdk" */;
			productName = FirebaseAnalyticsSwift;
		};
		179BCC632B0D1F5D001A0E00 /* FirebaseAnalyticsWithoutAdIdSupport */ = {
			isa = XCSwiftPackageProductDependency;
			package = 179BCC5C2B0D1F5D001A0E00 /* XCRemoteSwiftPackageReference "firebase-ios-sdk" */;
			productName = FirebaseAnalyticsWithoutAdIdSupport;
		};
		179BCC652B0D1F5D001A0E00 /* FirebaseAppCheck */ = {
			isa = XCSwiftPackageProductDependency;
			package = 179BCC5C2B0D1F5D001A0E00 /* XCRemoteSwiftPackageReference "firebase-ios-sdk" */;
			productName = FirebaseAppCheck;
		};
/* End XCSwiftPackageProductDependency section */
	};
	rootObject = 179BCC412B0D16CA001A0E00 /* Project object */;
}
